
Microsoft Visual Studio Solution File, Format Version 12.00
# Visual Studio Version 17
VisualStudioVersion = 17.9.34607.119
MinimumVisualStudioVersion = 10.0.40219.1
Project("{9A19103F-16F7-4668-BE54-9A1E7A4F7556}") = "Takerman.Portfolio.Server", "Takerman.Portfolio.Server\Takerman.Portfolio.Server.csproj", "{17DBBD91-5809-4FD4-BC79-CD20AD08650E}"
EndProject
Project("{54A90642-561A-4BB1-A94E-469ADEE60C69}") = "takerman.portfolio.client", "takerman.portfolio.client\takerman.portfolio.client.esproj", "{9EC70936-47B2-4ED5-AFCA-7332116D0D47}"
EndProject
Project("{9A19103F-16F7-4668-BE54-9A1E7A4F7556}") = "Takerman.Portfolio.Tests", "Takerman.Portfolio.Tests\Takerman.Portfolio.Tests.csproj", "{3FB80BF9-3DEA-456A-BB07-B58B2FA4DE81}"
EndProject
Global
	GlobalSection(SolutionConfigurationPlatforms) = preSolution
		Debug|Any CPU = Debug|Any CPU
		Release|Any CPU = Release|Any CPU
	EndGlobalSection
	GlobalSection(ProjectConfigurationPlatforms) = postSolution
		{17DBBD91-5809-4FD4-BC79-CD20AD08650E}.Debug|Any CPU.ActiveCfg = Debug|Any CPU
		{17DBBD91-5809-4FD4-BC79-CD20AD08650E}.Debug|Any CPU.Build.0 = Debug|Any CPU
		{17DBBD91-5809-4FD4-BC79-CD20AD08650E}.Release|Any CPU.ActiveCfg = Release|Any CPU
		{17DBBD91-5809-4FD4-BC79-CD20AD08650E}.Release|Any CPU.Build.0 = Release|Any CPU
		{9EC70936-47B2-4ED5-AFCA-7332116D0D47}.Debug|Any CPU.ActiveCfg = Debug|Any CPU
		{9EC70936-47B2-4ED5-AFCA-7332116D0D47}.Debug|Any CPU.Build.0 = Debug|Any CPU
		{9EC70936-47B2-4ED5-AFCA-7332116D0D47}.Debug|Any CPU.Deploy.0 = Debug|Any CPU
		{9EC70936-47B2-4ED5-AFCA-7332116D0D47}.Release|Any CPU.ActiveCfg = Release|Any CPU
		{9EC70936-47B2-4ED5-AFCA-7332116D0D47}.Release|Any CPU.Build.0 = Release|Any CPU
		{9EC70936-47B2-4ED5-AFCA-7332116D0D47}.Release|Any CPU.Deploy.0 = Release|Any CPU
		{3FB80BF9-3DEA-456A-BB07-B58B2FA4DE81}.Debug|Any CPU.ActiveCfg = Debug|Any CPU
		{3FB80BF9-3DEA-456A-BB07-B58B2FA4DE81}.Debug|Any CPU.Build.0 = Debug|Any CPU
		{3FB80BF9-3DEA-456A-BB07-B58B2FA4DE81}.Release|Any CPU.ActiveCfg = Release|Any CPU
		{3FB80BF9-3DEA-456A-BB07-B58B2FA4DE81}.Release|Any CPU.Build.0 = Release|Any CPU
	EndGlobalSection
	GlobalSection(SolutionProperties) = preSolution
		HideSolutionNode = FALSE
	EndGlobalSection
	GlobalSection(ExtensibilityGlobals) = postSolution
		SolutionGuid = {F956EA19-83F2-427E-B292-080945A2354D}
	EndGlobalSection
EndGlobal
